Microsoft Visual Studio Solution File, Format Version 12.00
# Visual Studio Version 16
VisualStudioVersion = 16.0.29721.120
MinimumVisualStudioVersion = 10.0.40219.1
Project("{9A19103F-16F7-4668-BE54-9A1E7A4F7556}") = "ModemConfigurator", "src\ModemConfigurator\ModemConfigurator.csproj", "{EC2573EC-6583-420A-AA16-F1A25B6D2B70}"
EndProject
Project("{FAE04EC0-301F-11D3-BF4B-00C04F79EFBC}") = "ModemConfigurator.iOS", "src\ModemConfigurator.iOS\ModemConfigurator.iOS.csproj", "{0F462199-2685-4E47-83AD-201D939E9BDF}"
EndProject
Global
	GlobalSection(SolutionConfigurationPlatforms) = preSolution
		Ad-Hoc|Any CPU = Ad-Hoc|Any CPU
		Ad-Hoc|iPhone = Ad-Hoc|iPhone
		Ad-Hoc|iPhoneSimulator = Ad-Hoc|iPhoneSimulator
		AppStore|Any CPU = AppStore|Any CPU
		AppStore|iPhone = AppStore|iPhone
		AppStore|iPhoneSimulator = AppStore|iPhoneSimulator
		Debug|Any CPU = Debug|Any CPU
		Debug|iPhone = Debug|iPhone
		Debug|iPhoneSimulator = Debug|iPhoneSimulator
		Release|Any CPU = Release|Any CPU
		Release|iPhone = Release|iPhone
		Release|iPhoneSimulator = Release|iPhoneSimulator
	EndGlobalSection
	GlobalSection(ProjectConfigurationPlatforms) = postSolution
		{EC2573EC-6583-420A-AA16-F1A25B6D2B70}.Ad-Hoc|Any CPU.ActiveCfg = Release|Any CPU
		{EC2573EC-6583-420A-AA16-F1A25B6D2B70}.Ad-Hoc|Any CPU.Build.0 = Release|Any CPU
		{EC2573EC-6583-420A-AA16-F1A25B6D2B70}.Ad-Hoc|iPhone.ActiveCfg = Debug|Any CPU
		{EC2573EC-6583-420A-AA16-F1A25B6D2B70}.Ad-Hoc|iPhone.Build.0 = Debug|Any CPU
		{EC2573EC-6583-420A-AA16-F1A25B6D2B70}.Ad-Hoc|iPhoneSimulator.ActiveCfg = Release|Any CPU
		{EC2573EC-6583-420A-AA16-F1A25B6D2B70}.Ad-Hoc|iPhoneSimulator.Build.0 = Release|Any CPU
		{EC2573EC-6583-420A-AA16-F1A25B6D2B70}.AppStore|Any CPU.ActiveCfg = Release|Any CPU
		{EC2573EC-6583-420A-AA16-F1A25B6D2B70}.AppStore|Any CPU.Build.0 = Release|Any CPU
		{EC2573EC-6583-420A-AA16-F1A25B6D2B70}.AppStore|iPhone.ActiveCfg = Debug|Any CPU
		{EC2573EC-6583-420A-AA16-F1A25B6D2B70}.AppStore|iPhone.Build.0 = Debug|Any CPU
		{EC2573EC-6583-420A-AA16-F1A25B6D2B70}.AppStore|iPhoneSimulator.ActiveCfg = Release|Any CPU
		{EC2573EC-6583-420A-AA16-F1A25B6D2B70}.AppStore|iPhoneSimulator.Build.0 = Release|Any CPU
		{EC2573EC-6583-420A-AA16-F1A25B6D2B70}.Debug|Any CPU.ActiveCfg = Debug|Any CPU
		{EC2573EC-6583-420A-AA16-F1A25B6D2B70}.Debug|Any CPU.Build.0 = Debug|Any CPU
		{EC2573EC-6583-420A-AA16-F1A25B6D2B70}.Debug|iPhone.ActiveCfg = Debug|Any CPU
		{EC2573EC-6583-420A-AA16-F1A25B6D2B70}.Debug|iPhone.Build.0 = Debug|Any CPU
		{EC2573EC-6583-420A-AA16-F1A25B6D2B70}.Debug|iPhoneSimulator.ActiveCfg = Debug|Any CPU
		{EC2573EC-6583-420A-AA16-F1A25B6D2B70}.Debug|iPhoneSimulator.Build.0 = Debug|Any CPU
		{EC2573EC-6583-420A-AA16-F1A25B6D2B70}.Release|Any CPU.ActiveCfg = Release|Any CPU
		{EC2573EC-6583-420A-AA16-F1A25B6D2B70}.Release|Any CPU.Build.0 = Release|Any CPU
		{EC2573EC-6583-420A-AA16-F1A25B6D2B70}.Release|iPhone.ActiveCfg = Release|Any CPU
		{EC2573EC-6583-420A-AA16-F1A25B6D2B70}.Release|iPhone.Build.0 = Release|Any CPU
		{EC2573EC-6583-420A-AA16-F1A25B6D2B70}.Release|iPhoneSimulator.ActiveCfg = Release|Any CPU
		{EC2573EC-6583-420A-AA16-F1A25B6D2B70}.Release|iPhoneSimulator.Build.0 = Release|Any CPU
		{0F462199-2685-4E47-83AD-201D939E9BDF}.Ad-Hoc|Any CPU.ActiveCfg = Ad-Hoc|iPhoneSimulator
		{0F462199-2685-4E47-83AD-201D939E9BDF}.Ad-Hoc|iPhone.ActiveCfg = Ad-Hoc|iPhone
		{0F462199-2685-4E47-83AD-201D939E9BDF}.Ad-Hoc|iPhone.Build.0 = Ad-Hoc|iPhone
		{0F462199-2685-4E47-83AD-201D939E9BDF}.Ad-Hoc|iPhoneSimulator.ActiveCfg = Ad-Hoc|iPhoneSimulator
		{0F462199-2685-4E47-83AD-201D939E9BDF}.Ad-Hoc|iPhoneSimulator.Build.0 = Ad-Hoc|iPhoneSimulator
		{0F462199-2685-4E47-83AD-201D939E9BDF}.AppStore|Any CPU.ActiveCfg = AppStore|iPhoneSimulator
		{0F462199-2685-4E47-83AD-201D939E9BDF}.AppStore|iPhone.ActiveCfg = AppStore|iPhone
		{0F462199-2685-4E47-83AD-201D939E9BDF}.AppStore|iPhone.Build.0 = AppStore|iPhone
		{0F462199-2685-4E47-83AD-201D939E9BDF}.AppStore|iPhoneSimulator.ActiveCfg = AppStore|iPhoneSimulator
		{0F462199-2685-4E47-83AD-201D939E9BDF}.AppStore|iPhoneSimulator.Build.0 = AppStore|iPhoneSimulator
		{0F462199-2685-4E47-83AD-201D939E9BDF}.Debug|Any CPU.ActiveCfg = Debug|iPhoneSimulator
		{0F462199-2685-4E47-83AD-201D939E9BDF}.Debug|Any CPU.Build.0 = Debug|iPhoneSimulator
		{0F462199-2685-4E47-83AD-201D939E9BDF}.Debug|iPhone.ActiveCfg = Debug|iPhone
		{0F462199-2685-4E47-83AD-201D939E9BDF}.Debug|iPhone.Build.0 = Debug|iPhone
		{0F462199-2685-4E47-83AD-201D939E9BDF}.Debug|iPhoneSimulator.ActiveCfg = Debug|iPhoneSimulator
		{0F462199-2685-4E47-83AD-201D939E9BDF}.Debug|iPhoneSimulator.Build.0 = Debug|iPhoneSimulator
		{0F462199-2685-4E47-83AD-201D939E9BDF}.Release|Any CPU.ActiveCfg = Release|iPhoneSimulator
		{0F462199-2685-4E47-83AD-201D939E9BDF}.Release|Any CPU.Build.0 = Release|iPhoneSimulator
		{0F462199-2685-4E47-83AD-201D939E9BDF}.Release|iPhone.ActiveCfg = Release|iPhone
		{0F462199-2685-4E47-83AD-201D939E9BDF}.Release|iPhone.Build.0 = Release|iPhone
		{0F462199-2685-4E47-83AD-201D939E9BDF}.Release|iPhoneSimulator.ActiveCfg = Release|iPhoneSimulator
		{0F462199-2685-4E47-83AD-201D939E9BDF}.Release|iPhoneSimulator.Build.0 = Release|iPhoneSimulator
	EndGlobalSection
	GlobalSection(SolutionProperties) = preSolution
		HideSolutionNode = FALSE
	EndGlobalSection
	GlobalSection(ExtensibilityGlobals) = postSolution
		SolutionGuid = {9D540C3E-8FDE-4A8D-A4C3-47EF2C37B3D4}
	EndGlobalSection
EndGlobal
