
Microsoft Visual Studio Solution File, Format Version 12.00
# Visual Studio 2012
Project("{FAE04EC0-301F-11D3-BF4B-00C04F79EFBC}") = "ModemConfigurator", "ModemConfigurator\ModemConfigurator\ModemConfigurator.csproj", "{EC2573EC-6583-420A-AA16-F1A25B6D2B70}"
EndProject
Project("{FAE04EC0-301F-11D3-BF4B-00C04F79EFBC}") = "ModemConfigurator.iOS", "ModemConfigurator\ModemConfigurator.iOS\ModemConfigurator.iOS.csproj", "{0F462199-2685-4E47-83AD-201D939E9BDF}"
EndProject
Global
	GlobalSection(SolutionConfigurationPlatforms) = preSolution
		Debug|Any CPU = Debug|Any CPU
		Release|Any CPU = Release|Any CPU
		Debug|iPhoneSimulator = Debug|iPhoneSimulator
		Release|iPhoneSimulator = Release|iPhoneSimulator
		Debug|iPhone = Debug|iPhone
		Release|iPhone = Release|iPhone
		Ad-Hoc|iPhone = Ad-Hoc|iPhone
		AppStore|iPhone = AppStore|iPhone
	EndGlobalSection
	GlobalSection(ProjectConfigurationPlatforms) = postSolution
		{EC2573EC-6583-420A-AA16-F1A25B6D2B70}.Debug|Any CPU.ActiveCfg = Debug|Any CPU
		{EC2573EC-6583-420A-AA16-F1A25B6D2B70}.Debug|Any CPU.Build.0 = Debug|Any CPU
		{EC2573EC-6583-420A-AA16-F1A25B6D2B70}.Release|Any CPU.ActiveCfg = Release|Any CPU
		{EC2573EC-6583-420A-AA16-F1A25B6D2B70}.Release|Any CPU.Build.0 = Release|Any CPU
		{EC2573EC-6583-420A-AA16-F1A25B6D2B70}.Debug|iPhoneSimulator.ActiveCfg = Debug|Any CPU
		{EC2573EC-6583-420A-AA16-F1A25B6D2B70}.Debug|iPhoneSimulator.Build.0 = Debug|Any CPU
		{EC2573EC-6583-420A-AA16-F1A25B6D2B70}.Release|iPhoneSimulator.ActiveCfg = Release|Any CPU
		{EC2573EC-6583-420A-AA16-F1A25B6D2B70}.Release|iPhoneSimulator.Build.0 = Release|Any CPU
		{EC2573EC-6583-420A-AA16-F1A25B6D2B70}.Debug|iPhone.ActiveCfg = Debug|Any CPU
		{EC2573EC-6583-420A-AA16-F1A25B6D2B70}.Debug|iPhone.Build.0 = Debug|Any CPU
		{EC2573EC-6583-420A-AA16-F1A25B6D2B70}.Release|iPhone.ActiveCfg = Release|Any CPU
		{EC2573EC-6583-420A-AA16-F1A25B6D2B70}.Release|iPhone.Build.0 = Release|Any CPU
		{EC2573EC-6583-420A-AA16-F1A25B6D2B70}.Ad-Hoc|iPhone.ActiveCfg = Debug|Any CPU
		{EC2573EC-6583-420A-AA16-F1A25B6D2B70}.Ad-Hoc|iPhone.Build.0 = Debug|Any CPU
		{EC2573EC-6583-420A-AA16-F1A25B6D2B70}.AppStore|iPhone.ActiveCfg = Debug|Any CPU
		{EC2573EC-6583-420A-AA16-F1A25B6D2B70}.AppStore|iPhone.Build.0 = Debug|Any CPU
		{0F462199-2685-4E47-83AD-201D939E9BDF}.Debug|Any CPU.ActiveCfg = Debug|iPhoneSimulator
		{0F462199-2685-4E47-83AD-201D939E9BDF}.Debug|Any CPU.Build.0 = Debug|iPhoneSimulator
		{0F462199-2685-4E47-83AD-201D939E9BDF}.Release|Any CPU.ActiveCfg = Release|iPhoneSimulator
		{0F462199-2685-4E47-83AD-201D939E9BDF}.Release|Any CPU.Build.0 = Release|iPhoneSimulator
		{0F462199-2685-4E47-83AD-201D939E9BDF}.Debug|iPhoneSimulator.ActiveCfg = Debug|iPhoneSimulator
		{0F462199-2685-4E47-83AD-201D939E9BDF}.Debug|iPhoneSimulator.Build.0 = Debug|iPhoneSimulator
		{0F462199-2685-4E47-83AD-201D939E9BDF}.Release|iPhoneSimulator.ActiveCfg = Release|iPhoneSimulator
		{0F462199-2685-4E47-83AD-201D939E9BDF}.Release|iPhoneSimulator.Build.0 = Release|iPhoneSimulator
		{0F462199-2685-4E47-83AD-201D939E9BDF}.Debug|iPhone.ActiveCfg = Debug|iPhone
		{0F462199-2685-4E47-83AD-201D939E9BDF}.Debug|iPhone.Build.0 = Debug|iPhone
		{0F462199-2685-4E47-83AD-201D939E9BDF}.Release|iPhone.ActiveCfg = Release|iPhone
		{0F462199-2685-4E47-83AD-201D939E9BDF}.Release|iPhone.Build.0 = Release|iPhone
		{0F462199-2685-4E47-83AD-201D939E9BDF}.Ad-Hoc|iPhone.ActiveCfg = Ad-Hoc|iPhone
		{0F462199-2685-4E47-83AD-201D939E9BDF}.Ad-Hoc|iPhone.Build.0 = Ad-Hoc|iPhone
		{0F462199-2685-4E47-83AD-201D939E9BDF}.AppStore|iPhone.ActiveCfg = AppStore|iPhone
		{0F462199-2685-4E47-83AD-201D939E9BDF}.AppStore|iPhone.Build.0 = AppStore|iPhone
	EndGlobalSection
EndGlobal
